
Microsoft Visual Studio Solution File, Format Version 12.00
# Visual Studio Version 16
VisualStudioVersion = 16.0.30011.22
MinimumVisualStudioVersion = 10.0.40219.1
Project("{9A19103F-16F7-4668-BE54-9A1E7A4F7556}") = "NStack.Tests", "NStack.Tests\NStack.Tests.csproj", "{89164F04-C3F8-4B57-B65E-637C02B0CEA3}"
EndProject
Project("{FAE04EC0-301F-11D3-BF4B-00C04F79EFBC}") = "NStack", "NStack\NStack.csproj", "{7A3E94E6-E4A7-4DF9-A4D8-A0553B0BB550}"
EndProject
Global
	GlobalSection(SolutionConfigurationPlatforms) = preSolution
		Debug|Any CPU = Debug|Any CPU
		Release|Any CPU = Release|Any CPU
	EndGlobalSection
	GlobalSection(ProjectConfigurationPlatforms) = postSolution
		{89164F04-C3F8-4B57-B65E-637C02B0CEA3}.Debug|Any CPU.ActiveCfg = Debug|Any CPU
		{89164F04-C3F8-4B57-B65E-637C02B0CEA3}.Debug|Any CPU.Build.0 = Debug|Any CPU
		{89164F04-C3F8-4B57-B65E-637C02B0CEA3}.Release|Any CPU.ActiveCfg = Release|Any CPU
		{89164F04-C3F8-4B57-B65E-637C02B0CEA3}.Release|Any CPU.Build.0 = Release|Any CPU
		{7A3E94E6-E4A7-4DF9-A4D8-A0553B0BB550}.Debug|Any CPU.ActiveCfg = Debug|Any CPU
		{7A3E94E6-E4A7-4DF9-A4D8-A0553B0BB550}.Debug|Any CPU.Build.0 = Debug|Any CPU
		{7A3E94E6-E4A7-4DF9-A4D8-A0553B0BB550}.Release|Any CPU.ActiveCfg = Release|Any CPU
		{7A3E94E6-E4A7-4DF9-A4D8-A0553B0BB550}.Release|Any CPU.Build.0 = Release|Any CPU
	EndGlobalSection
	GlobalSection(SolutionProperties) = preSolution
		HideSolutionNode = FALSE
	EndGlobalSection
	GlobalSection(ExtensibilityGlobals) = postSolution
		SolutionGuid = {943A5AB9-073E-436D-A1CF-35318CDC5C39}
	EndGlobalSection
EndGlobal
