
Microsoft Visual Studio Solution File, Format Version 12.00
# Visual Studio Version 16
VisualStudioVersion = 16.0.30320.27
MinimumVisualStudioVersion = 10.0.40219.1
Project("{9A19103F-16F7-4668-BE54-9A1E7A4F7556}") = "DemoNStack", "DemoNStack\DemoNStack.csproj", "{514CF25F-166B-4146-A709-958B34AFB1E1}"
EndProject
Project("{2150E333-8FDC-42A3-9474-1A3956D46DE8}") = "Config", "Config", "{18A96906-5F42-48CC-8F24-823406CB4B5C}"
	ProjectSection(SolutionItems) = preProject
		nuget.config = nuget.config
	EndProjectSection
EndProject
Global
	GlobalSection(SolutionConfigurationPlatforms) = preSolution
		Debug|Any CPU = Debug|Any CPU
		Release|Any CPU = Release|Any CPU
	EndGlobalSection
	GlobalSection(ProjectConfigurationPlatforms) = postSolution
		{514CF25F-166B-4146-A709-958B34AFB1E1}.Debug|Any CPU.ActiveCfg = Debug|Any CPU
		{514CF25F-166B-4146-A709-958B34AFB1E1}.Debug|Any CPU.Build.0 = Debug|Any CPU
		{514CF25F-166B-4146-A709-958B34AFB1E1}.Release|Any CPU.ActiveCfg = Release|Any CPU
		{514CF25F-166B-4146-A709-958B34AFB1E1}.Release|Any CPU.Build.0 = Release|Any CPU
	EndGlobalSection
	GlobalSection(SolutionProperties) = preSolution
		HideSolutionNode = FALSE
	EndGlobalSection
	GlobalSection(ExtensibilityGlobals) = postSolution
		SolutionGuid = {08DE4A76-0354-43B9-A7EA-45750FA15383}
	EndGlobalSection
EndGlobal
